
Microsoft Visual Studio Solution File, Format Version 12.00
# Visual Studio Version 17
VisualStudioVersion = 17.8.34322.80
MinimumVisualStudioVersion = 10.0.40219.1
Project("{FAE04EC0-301F-11D3-BF4B-00C04F79EFBC}") = "ModelPopUp", "ModelPopUp\ModelPopUp.csproj", "{3112FDEB-B47F-4823-BF5B-9B852331BC1E}"
EndProject
Global
	GlobalSection(SolutionConfigurationPlatforms) = preSolution
		Debug|Any CPU = Debug|Any CPU
		Release|Any CPU = Release|Any CPU
	EndGlobalSection
	GlobalSection(ProjectConfigurationPlatforms) = postSolution
		{3112FDEB-B47F-4823-BF5B-9B852331BC1E}.Debug|Any CPU.ActiveCfg = Debug|Any CPU
		{3112FDEB-B47F-4823-BF5B-9B852331BC1E}.Debug|Any CPU.Build.0 = Debug|Any CPU
		{3112FDEB-B47F-4823-BF5B-9B852331BC1E}.Release|Any CPU.ActiveCfg = Release|Any CPU
		{3112FDEB-B47F-4823-BF5B-9B852331BC1E}.Release|Any CPU.Build.0 = Release|Any CPU
	EndGlobalSection
	GlobalSection(SolutionProperties) = preSolution
		HideSolutionNode = FALSE
	EndGlobalSection
	GlobalSection(ExtensibilityGlobals) = postSolution
		SolutionGuid = {2FFCD1FA-6628-4CE3-AEEC-33AFA0856F03}
	EndGlobalSection
EndGlobal
